{
  "originHash" : "e8ed76695a0f43e974c91f02cb61c1243e0f973cb04d712c3a9ef9a1b6f8dc16",
  "pins" : [
    {
      "identity" : "capacitor-swift-pm",
      "kind" : "remoteSourceControl",
      "location" : "https://github.com/ionic-team/capacitor-swift-pm.git",
      "state" : {
        "revision" : "4c7f346d16196e21fbe23d4a7a6fc7af62af6742",
        "version" : "8.5.3"
      }
    },
    {
      "identity" : "ion-ios-geolocation",
      "kind" : "remoteSourceControl",
      "location" : "https://github.com/ionic-team/ion-ios-geolocation.git",
      "state" : {
        "revision" : "37e808a624268af58bbd5a804c92fee487449de8",
        "version" : "3.0.0"
      }
    }
  ],
  "version" : 3
}
